
Microsoft Visual Studio Solution File, Format Version 12.00
# Visual Studio Version 17
VisualStudioVersion = 17.14.36127.28 d17.14
MinimumVisualStudioVersion = 10.0.40219.1
Project("{FAE04EC0-301F-11D3-BF4B-00C04F79EFBC}") = "HtmlCssJs", "HtmlCssJs\HtmlCssJs.csproj", "{C3AC6B9F-D110-45FC-A0DD-7C0B6DA5A45B}"
EndProject
Global
	GlobalSection(SolutionConfigurationPlatforms) = preSolution
		Debug|Any CPU = Debug|Any CPU
		Release|Any CPU = Release|Any CPU
	EndGlobalSection
	GlobalSection(ProjectConfigurationPlatforms) = postSolution
		{C3AC6B9F-D110-45FC-A0DD-7C0B6DA5A45B}.Debug|Any CPU.ActiveCfg = Debug|Any CPU
		{C3AC6B9F-D110-45FC-A0DD-7C0B6DA5A45B}.Debug|Any CPU.Build.0 = Debug|Any CPU
		{C3AC6B9F-D110-45FC-A0DD-7C0B6DA5A45B}.Release|Any CPU.ActiveCfg = Release|Any CPU
		{C3AC6B9F-D110-45FC-A0DD-7C0B6DA5A45B}.Release|Any CPU.Build.0 = Release|Any CPU
	EndGlobalSection
	GlobalSection(SolutionProperties) = preSolution
		HideSolutionNode = FALSE
	EndGlobalSection
	GlobalSection(ExtensibilityGlobals) = postSolution
		SolutionGuid = {30A646AD-3794-4893-8289-2A5C0E3E4A86}
	EndGlobalSection
EndGlobal
